Microsoft Visual Studio Solution File, Format Version 12.00
# Visual Studio Version 17
VisualStudioVersion = 17.5.2.0
MinimumVisualStudioVersion = 10.0.40219.1
Project("{FAE04EC0-301F-11D3-BF4B-00C04F79EFBC}") = "RegisterDI", "RegisterDI.csproj", "{306B08F8-284B-4510-4BEB-0379E9C1CBB7}"
EndProject
Global
	GlobalSection(SolutionConfigurationPlatforms) = preSolution
		Debug|Any CPU = Debug|Any CPU
		Release|Any CPU = Release|Any CPU
	EndGlobalSection
	GlobalSection(ProjectConfigurationPlatforms) = postSolution
		{306B08F8-284B-4510-4BEB-0379E9C1CBB7}.Debug|Any CPU.ActiveCfg = Debug|Any CPU
		{306B08F8-284B-4510-4BEB-0379E9C1CBB7}.Debug|Any CPU.Build.0 = Debug|Any CPU
		{306B08F8-284B-4510-4BEB-0379E9C1CBB7}.Release|Any CPU.ActiveCfg = Release|Any CPU
		{306B08F8-284B-4510-4BEB-0379E9C1CBB7}.Release|Any CPU.Build.0 = Release|Any CPU
	EndGlobalSection
	GlobalSection(SolutionProperties) = preSolution
		HideSolutionNode = FALSE
	EndGlobalSection
	GlobalSection(ExtensibilityGlobals) = postSolution
		SolutionGuid = {493C6196-20B2-42F7-B9FD-EE696F78387C}
	EndGlobalSection
EndGlobal
